
Microsoft Visual Studio Solution File, Format Version 12.00
# Visual Studio Version 17
VisualStudioVersion = 17.2.32516.85
MinimumVisualStudioVersion = 10.0.40219.1
Project("{FAE04EC0-301F-11D3-BF4B-00C04F79EFBC}") = "lista6_1", "lista6_1\lista6_1.csproj", "{A2CDD0ED-18C8-4461-9DFE-595DB6A1526E}"
EndProject
Global
	GlobalSection(SolutionConfigurationPlatforms) = preSolution
		Debug|Any CPU = Debug|Any CPU
		Release|Any CPU = Release|Any CPU
	EndGlobalSection
	GlobalSection(ProjectConfigurationPlatforms) = postSolution
		{A2CDD0ED-18C8-4461-9DFE-595DB6A1526E}.Debug|Any CPU.ActiveCfg = Debug|Any CPU
		{A2CDD0ED-18C8-4461-9DFE-595DB6A1526E}.Debug|Any CPU.Build.0 = Debug|Any CPU
		{A2CDD0ED-18C8-4461-9DFE-595DB6A1526E}.Release|Any CPU.ActiveCfg = Release|Any CPU
		{A2CDD0ED-18C8-4461-9DFE-595DB6A1526E}.Release|Any CPU.Build.0 = Release|Any CPU
	EndGlobalSection
	GlobalSection(SolutionProperties) = preSolution
		HideSolutionNode = FALSE
	EndGlobalSection
	GlobalSection(ExtensibilityGlobals) = postSolution
		SolutionGuid = {8457B33A-8656-4C82-8F87-9BF6AAF8AEA9}
	EndGlobalSection
EndGlobal
