
Microsoft Visual Studio Solution File, Format Version 12.00
# Visual Studio Version 17
VisualStudioVersion = 17.2.32516.85
MinimumVisualStudioVersion = 10.0.40219.1
Project("{9A19103F-16F7-4668-BE54-9A1E7A4F7556}") = "lista5_1", "lista5_1\lista5_1.csproj", "{AAE3D4E0-7304-4CA1-A873-56654380A068}"
EndProject
Global
	GlobalSection(SolutionConfigurationPlatforms) = preSolution
		Debug|Any CPU = Debug|Any CPU
		Release|Any CPU = Release|Any CPU
	EndGlobalSection
	GlobalSection(ProjectConfigurationPlatforms) = postSolution
		{AAE3D4E0-7304-4CA1-A873-56654380A068}.Debug|Any CPU.ActiveCfg = Debug|Any CPU
		{AAE3D4E0-7304-4CA1-A873-56654380A068}.Debug|Any CPU.Build.0 = Debug|Any CPU
		{AAE3D4E0-7304-4CA1-A873-56654380A068}.Release|Any CPU.ActiveCfg = Release|Any CPU
		{AAE3D4E0-7304-4CA1-A873-56654380A068}.Release|Any CPU.Build.0 = Release|Any CPU
	EndGlobalSection
	GlobalSection(SolutionProperties) = preSolution
		HideSolutionNode = FALSE
	EndGlobalSection
	GlobalSection(ExtensibilityGlobals) = postSolution
		SolutionGuid = {735A4AF4-D982-433C-85B2-932C3E03BB91}
	EndGlobalSection
EndGlobal
