
Microsoft Visual Studio Solution File, Format Version 12.00
# Visual Studio Version 17
VisualStudioVersion = 17.2.32526.322
MinimumVisualStudioVersion = 10.0.40219.1
Project("{FAE04EC0-301F-11D3-BF4B-00C04F79EFBC}") = "exerc25", "exerc25\exerc25.csproj", "{63E50B3E-E103-40BF-A46A-6595DF8864D9}"
EndProject
Global
	GlobalSection(SolutionConfigurationPlatforms) = preSolution
		Debug|Any CPU = Debug|Any CPU
		Release|Any CPU = Release|Any CPU
	EndGlobalSection
	GlobalSection(ProjectConfigurationPlatforms) = postSolution
		{63E50B3E-E103-40BF-A46A-6595DF8864D9}.Debug|Any CPU.ActiveCfg = Debug|Any CPU
		{63E50B3E-E103-40BF-A46A-6595DF8864D9}.Debug|Any CPU.Build.0 = Debug|Any CPU
		{63E50B3E-E103-40BF-A46A-6595DF8864D9}.Release|Any CPU.ActiveCfg = Release|Any CPU
		{63E50B3E-E103-40BF-A46A-6595DF8864D9}.Release|Any CPU.Build.0 = Release|Any CPU
	EndGlobalSection
	GlobalSection(SolutionProperties) = preSolution
		HideSolutionNode = FALSE
	EndGlobalSection
	GlobalSection(ExtensibilityGlobals) = postSolution
		SolutionGuid = {6F056BE4-6067-4A1E-AB8F-F0C90246CCB6}
	EndGlobalSection
EndGlobal
