
Microsoft Visual Studio Solution File, Format Version 12.00
# Visual Studio Version 17
VisualStudioVersion = 17.2.32526.322
MinimumVisualStudioVersion = 10.0.40219.1
Project("{FAE04EC0-301F-11D3-BF4B-00C04F79EFBC}") = "exerc17", "exerc17\exerc17.csproj", "{0AA3EDEE-EB27-4743-A794-C35CB3CEBE7A}"
EndProject
Global
	GlobalSection(SolutionConfigurationPlatforms) = preSolution
		Debug|Any CPU = Debug|Any CPU
		Release|Any CPU = Release|Any CPU
	EndGlobalSection
	GlobalSection(ProjectConfigurationPlatforms) = postSolution
		{0AA3EDEE-EB27-4743-A794-C35CB3CEBE7A}.Debug|Any CPU.ActiveCfg = Debug|Any CPU
		{0AA3EDEE-EB27-4743-A794-C35CB3CEBE7A}.Debug|Any CPU.Build.0 = Debug|Any CPU
		{0AA3EDEE-EB27-4743-A794-C35CB3CEBE7A}.Release|Any CPU.ActiveCfg = Release|Any CPU
		{0AA3EDEE-EB27-4743-A794-C35CB3CEBE7A}.Release|Any CPU.Build.0 = Release|Any CPU
	EndGlobalSection
	GlobalSection(SolutionProperties) = preSolution
		HideSolutionNode = FALSE
	EndGlobalSection
	GlobalSection(ExtensibilityGlobals) = postSolution
		SolutionGuid = {E1CBA6FF-8B76-48D4-9460-1292E0D54513}
	EndGlobalSection
EndGlobal
