
Microsoft Visual Studio Solution File, Format Version 12.00
# Visual Studio Version 17
VisualStudioVersion = 17.2.32516.85
MinimumVisualStudioVersion = 10.0.40219.1
Project("{FAE04EC0-301F-11D3-BF4B-00C04F79EFBC}") = "operadoresAritmeticos", "operadoresAritmeticos\operadoresAritmeticos.csproj", "{3BA9CE20-D21E-4031-9D8C-44E4FAF5D113}"
EndProject
Global
	GlobalSection(SolutionConfigurationPlatforms) = preSolution
		Debug|Any CPU = Debug|Any CPU
		Release|Any CPU = Release|Any CPU
	EndGlobalSection
	GlobalSection(ProjectConfigurationPlatforms) = postSolution
		{3BA9CE20-D21E-4031-9D8C-44E4FAF5D113}.Debug|Any CPU.ActiveCfg = Debug|Any CPU
		{3BA9CE20-D21E-4031-9D8C-44E4FAF5D113}.Debug|Any CPU.Build.0 = Debug|Any CPU
		{3BA9CE20-D21E-4031-9D8C-44E4FAF5D113}.Release|Any CPU.ActiveCfg = Release|Any CPU
		{3BA9CE20-D21E-4031-9D8C-44E4FAF5D113}.Release|Any CPU.Build.0 = Release|Any CPU
	EndGlobalSection
	GlobalSection(SolutionProperties) = preSolution
		HideSolutionNode = FALSE
	EndGlobalSection
	GlobalSection(ExtensibilityGlobals) = postSolution
		SolutionGuid = {AE732074-4FD3-485A-9597-D9A58B274A39}
	EndGlobalSection
EndGlobal
