
Microsoft Visual Studio Solution File, Format Version 12.00
# Visual Studio Version 17
VisualStudioVersion = 17.2.32526.322
MinimumVisualStudioVersion = 10.0.40219.1
Project("{FAE04EC0-301F-11D3-BF4B-00C04F79EFBC}") = "lista8_1_7", "ConsoleApp1\lista8_1_7.csproj", "{0C60DCCB-F4E1-4BE4-9659-FEF54BD9D7C6}"
EndProject
Global
	GlobalSection(SolutionConfigurationPlatforms) = preSolution
		Debug|Any CPU = Debug|Any CPU
		Release|Any CPU = Release|Any CPU
	EndGlobalSection
	GlobalSection(ProjectConfigurationPlatforms) = postSolution
		{0C60DCCB-F4E1-4BE4-9659-FEF54BD9D7C6}.Debug|Any CPU.ActiveCfg = Debug|Any CPU
		{0C60DCCB-F4E1-4BE4-9659-FEF54BD9D7C6}.Debug|Any CPU.Build.0 = Debug|Any CPU
		{0C60DCCB-F4E1-4BE4-9659-FEF54BD9D7C6}.Release|Any CPU.ActiveCfg = Release|Any CPU
		{0C60DCCB-F4E1-4BE4-9659-FEF54BD9D7C6}.Release|Any CPU.Build.0 = Release|Any CPU
	EndGlobalSection
	GlobalSection(SolutionProperties) = preSolution
		HideSolutionNode = FALSE
	EndGlobalSection
	GlobalSection(ExtensibilityGlobals) = postSolution
		SolutionGuid = {3F536067-33FD-494C-82E8-2D83F364B4ED}
	EndGlobalSection
EndGlobal
