
Microsoft Visual Studio Solution File, Format Version 12.00
# Visual Studio Version 17
VisualStudioVersion = 17.2.32516.85
MinimumVisualStudioVersion = 10.0.40219.1
Project("{FAE04EC0-301F-11D3-BF4B-00C04F79EFBC}") = "FiguraGeometrica", "FiguraGeometrica\FiguraGeometrica.csproj", "{AB9DB01E-5228-480E-8686-E3C05530E775}"
EndProject
Global
	GlobalSection(SolutionConfigurationPlatforms) = preSolution
		Debug|Any CPU = Debug|Any CPU
		Release|Any CPU = Release|Any CPU
	EndGlobalSection
	GlobalSection(ProjectConfigurationPlatforms) = postSolution
		{AB9DB01E-5228-480E-8686-E3C05530E775}.Debug|Any CPU.ActiveCfg = Debug|Any CPU
		{AB9DB01E-5228-480E-8686-E3C05530E775}.Debug|Any CPU.Build.0 = Debug|Any CPU
		{AB9DB01E-5228-480E-8686-E3C05530E775}.Release|Any CPU.ActiveCfg = Release|Any CPU
		{AB9DB01E-5228-480E-8686-E3C05530E775}.Release|Any CPU.Build.0 = Release|Any CPU
	EndGlobalSection
	GlobalSection(SolutionProperties) = preSolution
		HideSolutionNode = FALSE
	EndGlobalSection
	GlobalSection(ExtensibilityGlobals) = postSolution
		SolutionGuid = {F3F94EAA-628D-4A0E-8680-2CE4FCE7B831}
	EndGlobalSection
EndGlobal
