
Microsoft Visual Studio Solution File, Format Version 12.00
# Visual Studio Version 17
VisualStudioVersion = 17.2.32516.85
MinimumVisualStudioVersion = 10.0.40219.1
Project("{FAE04EC0-301F-11D3-BF4B-00C04F79EFBC}") = "Invert", "Invert\Invert.csproj", "{2EBBD49A-5974-4927-B391-C44FA8DC64D7}"
EndProject
Global
	GlobalSection(SolutionConfigurationPlatforms) = preSolution
		Debug|Any CPU = Debug|Any CPU
		Release|Any CPU = Release|Any CPU
	EndGlobalSection
	GlobalSection(ProjectConfigurationPlatforms) = postSolution
		{2EBBD49A-5974-4927-B391-C44FA8DC64D7}.Debug|Any CPU.ActiveCfg = Debug|Any CPU
		{2EBBD49A-5974-4927-B391-C44FA8DC64D7}.Debug|Any CPU.Build.0 = Debug|Any CPU
		{2EBBD49A-5974-4927-B391-C44FA8DC64D7}.Release|Any CPU.ActiveCfg = Release|Any CPU
		{2EBBD49A-5974-4927-B391-C44FA8DC64D7}.Release|Any CPU.Build.0 = Release|Any CPU
	EndGlobalSection
	GlobalSection(SolutionProperties) = preSolution
		HideSolutionNode = FALSE
	EndGlobalSection
	GlobalSection(ExtensibilityGlobals) = postSolution
		SolutionGuid = {043C026D-7B01-4011-AA0D-6D09BC56ABE0}
	EndGlobalSection
EndGlobal
