
Microsoft Visual Studio Solution File, Format Version 12.00
# Visual Studio Version 17
VisualStudioVersion = 17.2.32516.85
MinimumVisualStudioVersion = 10.0.40219.1
Project("{FAE04EC0-301F-11D3-BF4B-00C04F79EFBC}") = "NomesMetodos", "NomesMetodos\NomesMetodos.csproj", "{93279013-17C3-493F-9F44-AE22DF88EFC3}"
EndProject
Global
	GlobalSection(SolutionConfigurationPlatforms) = preSolution
		Debug|Any CPU = Debug|Any CPU
		Release|Any CPU = Release|Any CPU
	EndGlobalSection
	GlobalSection(ProjectConfigurationPlatforms) = postSolution
		{93279013-17C3-493F-9F44-AE22DF88EFC3}.Debug|Any CPU.ActiveCfg = Debug|Any CPU
		{93279013-17C3-493F-9F44-AE22DF88EFC3}.Debug|Any CPU.Build.0 = Debug|Any CPU
		{93279013-17C3-493F-9F44-AE22DF88EFC3}.Release|Any CPU.ActiveCfg = Release|Any CPU
		{93279013-17C3-493F-9F44-AE22DF88EFC3}.Release|Any CPU.Build.0 = Release|Any CPU
	EndGlobalSection
	GlobalSection(SolutionProperties) = preSolution
		HideSolutionNode = FALSE
	EndGlobalSection
	GlobalSection(ExtensibilityGlobals) = postSolution
		SolutionGuid = {33992C38-B22B-47C7-9310-7B3C8A166915}
	EndGlobalSection
EndGlobal
