
Microsoft Visual Studio Solution File, Format Version 12.00
# Visual Studio Version 17
VisualStudioVersion = 17.2.32516.85
MinimumVisualStudioVersion = 10.0.40219.1
Project("{FAE04EC0-301F-11D3-BF4B-00C04F79EFBC}") = "triang_obj", "triang_obj\triang_obj.csproj", "{15FC77E1-7691-453E-90D2-D72EAD7EC8B5}"
EndProject
Global
	GlobalSection(SolutionConfigurationPlatforms) = preSolution
		Debug|Any CPU = Debug|Any CPU
		Release|Any CPU = Release|Any CPU
	EndGlobalSection
	GlobalSection(ProjectConfigurationPlatforms) = postSolution
		{15FC77E1-7691-453E-90D2-D72EAD7EC8B5}.Debug|Any CPU.ActiveCfg = Debug|Any CPU
		{15FC77E1-7691-453E-90D2-D72EAD7EC8B5}.Debug|Any CPU.Build.0 = Debug|Any CPU
		{15FC77E1-7691-453E-90D2-D72EAD7EC8B5}.Release|Any CPU.ActiveCfg = Release|Any CPU
		{15FC77E1-7691-453E-90D2-D72EAD7EC8B5}.Release|Any CPU.Build.0 = Release|Any CPU
	EndGlobalSection
	GlobalSection(SolutionProperties) = preSolution
		HideSolutionNode = FALSE
	EndGlobalSection
	GlobalSection(ExtensibilityGlobals) = postSolution
		SolutionGuid = {DA01E420-C46F-439E-8496-8F5AF512EBD0}
	EndGlobalSection
EndGlobal
