
Microsoft Visual Studio Solution File, Format Version 12.00
# Visual Studio Version 17
VisualStudioVersion = 17.2.32526.322
MinimumVisualStudioVersion = 10.0.40219.1
Project("{FAE04EC0-301F-11D3-BF4B-00C04F79EFBC}") = "exerc35", "exerc35\exerc35.csproj", "{BBC6E8AF-B991-48EB-9E4A-C89278BB4CAF}"
EndProject
Global
	GlobalSection(SolutionConfigurationPlatforms) = preSolution
		Debug|Any CPU = Debug|Any CPU
		Release|Any CPU = Release|Any CPU
	EndGlobalSection
	GlobalSection(ProjectConfigurationPlatforms) = postSolution
		{BBC6E8AF-B991-48EB-9E4A-C89278BB4CAF}.Debug|Any CPU.ActiveCfg = Debug|Any CPU
		{BBC6E8AF-B991-48EB-9E4A-C89278BB4CAF}.Debug|Any CPU.Build.0 = Debug|Any CPU
		{BBC6E8AF-B991-48EB-9E4A-C89278BB4CAF}.Release|Any CPU.ActiveCfg = Release|Any CPU
		{BBC6E8AF-B991-48EB-9E4A-C89278BB4CAF}.Release|Any CPU.Build.0 = Release|Any CPU
	EndGlobalSection
	GlobalSection(SolutionProperties) = preSolution
		HideSolutionNode = FALSE
	EndGlobalSection
	GlobalSection(ExtensibilityGlobals) = postSolution
		SolutionGuid = {E181B04F-97C1-4475-859F-953C7FE5B13A}
	EndGlobalSection
EndGlobal
