
Microsoft Visual Studio Solution File, Format Version 12.00
# Visual Studio Version 17
VisualStudioVersion = 17.2.32526.322
MinimumVisualStudioVersion = 10.0.40219.1
Project("{FAE04EC0-301F-11D3-BF4B-00C04F79EFBC}") = "exerc14", "exerc14\exerc14.csproj", "{77F46BB5-F518-406F-AB2B-C9F1DF5BD8AF}"
EndProject
Global
	GlobalSection(SolutionConfigurationPlatforms) = preSolution
		Debug|Any CPU = Debug|Any CPU
		Release|Any CPU = Release|Any CPU
	EndGlobalSection
	GlobalSection(ProjectConfigurationPlatforms) = postSolution
		{77F46BB5-F518-406F-AB2B-C9F1DF5BD8AF}.Debug|Any CPU.ActiveCfg = Debug|Any CPU
		{77F46BB5-F518-406F-AB2B-C9F1DF5BD8AF}.Debug|Any CPU.Build.0 = Debug|Any CPU
		{77F46BB5-F518-406F-AB2B-C9F1DF5BD8AF}.Release|Any CPU.ActiveCfg = Release|Any CPU
		{77F46BB5-F518-406F-AB2B-C9F1DF5BD8AF}.Release|Any CPU.Build.0 = Release|Any CPU
	EndGlobalSection
	GlobalSection(SolutionProperties) = preSolution
		HideSolutionNode = FALSE
	EndGlobalSection
	GlobalSection(ExtensibilityGlobals) = postSolution
		SolutionGuid = {F3278796-3E36-49DE-B226-4D6D7876BB2E}
	EndGlobalSection
EndGlobal
