
Microsoft Visual Studio Solution File, Format Version 12.00
# Visual Studio Version 17
VisualStudioVersion = 17.2.32516.85
MinimumVisualStudioVersion = 10.0.40219.1
Project("{FAE04EC0-301F-11D3-BF4B-00C04F79EFBC}") = "listaExerc1_3", "listaExerc1_3\listaExerc1_3.csproj", "{ABBC6308-DD19-4BD0-B5F7-3337305A698D}"
EndProject
Global
	GlobalSection(SolutionConfigurationPlatforms) = preSolution
		Debug|Any CPU = Debug|Any CPU
		Release|Any CPU = Release|Any CPU
	EndGlobalSection
	GlobalSection(ProjectConfigurationPlatforms) = postSolution
		{ABBC6308-DD19-4BD0-B5F7-3337305A698D}.Debug|Any CPU.ActiveCfg = Debug|Any CPU
		{ABBC6308-DD19-4BD0-B5F7-3337305A698D}.Debug|Any CPU.Build.0 = Debug|Any CPU
		{ABBC6308-DD19-4BD0-B5F7-3337305A698D}.Release|Any CPU.ActiveCfg = Release|Any CPU
		{ABBC6308-DD19-4BD0-B5F7-3337305A698D}.Release|Any CPU.Build.0 = Release|Any CPU
	EndGlobalSection
	GlobalSection(SolutionProperties) = preSolution
		HideSolutionNode = FALSE
	EndGlobalSection
	GlobalSection(ExtensibilityGlobals) = postSolution
		SolutionGuid = {A2C6B93A-F553-4000-98F2-D8945304FE91}
	EndGlobalSection
EndGlobal
