
Microsoft Visual Studio Solution File, Format Version 12.00
# Visual Studio Version 17
VisualStudioVersion = 17.2.32526.322
MinimumVisualStudioVersion = 10.0.40219.1
Project("{FAE04EC0-301F-11D3-BF4B-00C04F79EFBC}") = "ExercicioMatriz", "ExercicioMatriz\ExercicioMatriz.csproj", "{2B2A8A29-D28E-49F5-B4D9-5B535068687B}"
EndProject
Global
	GlobalSection(SolutionConfigurationPlatforms) = preSolution
		Debug|Any CPU = Debug|Any CPU
		Release|Any CPU = Release|Any CPU
	EndGlobalSection
	GlobalSection(ProjectConfigurationPlatforms) = postSolution
		{2B2A8A29-D28E-49F5-B4D9-5B535068687B}.Debug|Any CPU.ActiveCfg = Debug|Any CPU
		{2B2A8A29-D28E-49F5-B4D9-5B535068687B}.Debug|Any CPU.Build.0 = Debug|Any CPU
		{2B2A8A29-D28E-49F5-B4D9-5B535068687B}.Release|Any CPU.ActiveCfg = Release|Any CPU
		{2B2A8A29-D28E-49F5-B4D9-5B535068687B}.Release|Any CPU.Build.0 = Release|Any CPU
	EndGlobalSection
	GlobalSection(SolutionProperties) = preSolution
		HideSolutionNode = FALSE
	EndGlobalSection
	GlobalSection(ExtensibilityGlobals) = postSolution
		SolutionGuid = {51F5CB57-FE68-4487-B451-397260C4FE7A}
	EndGlobalSection
EndGlobal
