
Microsoft Visual Studio Solution File, Format Version 12.00
# Visual Studio Version 17
VisualStudioVersion = 17.2.32526.322
MinimumVisualStudioVersion = 10.0.40219.1
Project("{FAE04EC0-301F-11D3-BF4B-00C04F79EFBC}") = "exerc20", "exerc20\exerc20.csproj", "{4CDE4FC4-C32F-4ECD-839D-51AB6D233C10}"
EndProject
Global
	GlobalSection(SolutionConfigurationPlatforms) = preSolution
		Debug|Any CPU = Debug|Any CPU
		Release|Any CPU = Release|Any CPU
	EndGlobalSection
	GlobalSection(ProjectConfigurationPlatforms) = postSolution
		{4CDE4FC4-C32F-4ECD-839D-51AB6D233C10}.Debug|Any CPU.ActiveCfg = Debug|Any CPU
		{4CDE4FC4-C32F-4ECD-839D-51AB6D233C10}.Debug|Any CPU.Build.0 = Debug|Any CPU
		{4CDE4FC4-C32F-4ECD-839D-51AB6D233C10}.Release|Any CPU.ActiveCfg = Release|Any CPU
		{4CDE4FC4-C32F-4ECD-839D-51AB6D233C10}.Release|Any CPU.Build.0 = Release|Any CPU
	EndGlobalSection
	GlobalSection(SolutionProperties) = preSolution
		HideSolutionNode = FALSE
	EndGlobalSection
	GlobalSection(ExtensibilityGlobals) = postSolution
		SolutionGuid = {A7BB662E-0A16-43CC-9165-3E7A8EE3140A}
	EndGlobalSection
EndGlobal
