
Microsoft Visual Studio Solution File, Format Version 12.00
# Visual Studio Version 17
VisualStudioVersion = 17.2.32526.322
MinimumVisualStudioVersion = 10.0.40219.1
Project("{FAE04EC0-301F-11D3-BF4B-00C04F79EFBC}") = "exerc15", "exerc15\exerc15.csproj", "{A5F47E24-53B1-4F17-B955-F01E98DBD780}"
EndProject
Global
	GlobalSection(SolutionConfigurationPlatforms) = preSolution
		Debug|Any CPU = Debug|Any CPU
		Release|Any CPU = Release|Any CPU
	EndGlobalSection
	GlobalSection(ProjectConfigurationPlatforms) = postSolution
		{A5F47E24-53B1-4F17-B955-F01E98DBD780}.Debug|Any CPU.ActiveCfg = Debug|Any CPU
		{A5F47E24-53B1-4F17-B955-F01E98DBD780}.Debug|Any CPU.Build.0 = Debug|Any CPU
		{A5F47E24-53B1-4F17-B955-F01E98DBD780}.Release|Any CPU.ActiveCfg = Release|Any CPU
		{A5F47E24-53B1-4F17-B955-F01E98DBD780}.Release|Any CPU.Build.0 = Release|Any CPU
	EndGlobalSection
	GlobalSection(SolutionProperties) = preSolution
		HideSolutionNode = FALSE
	EndGlobalSection
	GlobalSection(ExtensibilityGlobals) = postSolution
		SolutionGuid = {F5443079-B4F5-4871-B4C1-39E5A94805F5}
	EndGlobalSection
EndGlobal
