
Microsoft Visual Studio Solution File, Format Version 12.00
# Visual Studio Version 17
VisualStudioVersion = 17.2.32526.322
MinimumVisualStudioVersion = 10.0.40219.1
Project("{FAE04EC0-301F-11D3-BF4B-00C04F79EFBC}") = "exerc7", "exerc7\exerc7.csproj", "{226C02AA-42F7-4C61-BC44-13D557DD83E0}"
EndProject
Global
	GlobalSection(SolutionConfigurationPlatforms) = preSolution
		Debug|Any CPU = Debug|Any CPU
		Release|Any CPU = Release|Any CPU
	EndGlobalSection
	GlobalSection(ProjectConfigurationPlatforms) = postSolution
		{226C02AA-42F7-4C61-BC44-13D557DD83E0}.Debug|Any CPU.ActiveCfg = Debug|Any CPU
		{226C02AA-42F7-4C61-BC44-13D557DD83E0}.Debug|Any CPU.Build.0 = Debug|Any CPU
		{226C02AA-42F7-4C61-BC44-13D557DD83E0}.Release|Any CPU.ActiveCfg = Release|Any CPU
		{226C02AA-42F7-4C61-BC44-13D557DD83E0}.Release|Any CPU.Build.0 = Release|Any CPU
	EndGlobalSection
	GlobalSection(SolutionProperties) = preSolution
		HideSolutionNode = FALSE
	EndGlobalSection
	GlobalSection(ExtensibilityGlobals) = postSolution
		SolutionGuid = {08E7A82E-02A4-4633-A957-ED1ADB861FA2}
	EndGlobalSection
EndGlobal
