
Microsoft Visual Studio Solution File, Format Version 12.00
# Visual Studio Version 17
VisualStudioVersion = 17.2.32526.322
MinimumVisualStudioVersion = 10.0.40219.1
Project("{FAE04EC0-301F-11D3-BF4B-00C04F79EFBC}") = "exerc27", "exerc27\exerc27.csproj", "{62447DD4-1653-4E82-9AAD-08B4DB8084CC}"
EndProject
Global
	GlobalSection(SolutionConfigurationPlatforms) = preSolution
		Debug|Any CPU = Debug|Any CPU
		Release|Any CPU = Release|Any CPU
	EndGlobalSection
	GlobalSection(ProjectConfigurationPlatforms) = postSolution
		{62447DD4-1653-4E82-9AAD-08B4DB8084CC}.Debug|Any CPU.ActiveCfg = Debug|Any CPU
		{62447DD4-1653-4E82-9AAD-08B4DB8084CC}.Debug|Any CPU.Build.0 = Debug|Any CPU
		{62447DD4-1653-4E82-9AAD-08B4DB8084CC}.Release|Any CPU.ActiveCfg = Release|Any CPU
		{62447DD4-1653-4E82-9AAD-08B4DB8084CC}.Release|Any CPU.Build.0 = Release|Any CPU
	EndGlobalSection
	GlobalSection(SolutionProperties) = preSolution
		HideSolutionNode = FALSE
	EndGlobalSection
	GlobalSection(ExtensibilityGlobals) = postSolution
		SolutionGuid = {54590D0F-A3D8-4ABE-9C04-A52390E7CFCB}
	EndGlobalSection
EndGlobal
