
Microsoft Visual Studio Solution File, Format Version 12.00
# Visual Studio Version 17
VisualStudioVersion = 17.2.32516.85
MinimumVisualStudioVersion = 10.0.40219.1
Project("{FAE04EC0-301F-11D3-BF4B-00C04F79EFBC}") = "consoleReadLine", "consoleReadLine\consoleReadLine.csproj", "{E6A07E2F-8BAD-40BF-903D-9E13215C7890}"
EndProject
Global
	GlobalSection(SolutionConfigurationPlatforms) = preSolution
		Debug|Any CPU = Debug|Any CPU
		Release|Any CPU = Release|Any CPU
	EndGlobalSection
	GlobalSection(ProjectConfigurationPlatforms) = postSolution
		{E6A07E2F-8BAD-40BF-903D-9E13215C7890}.Debug|Any CPU.ActiveCfg = Debug|Any CPU
		{E6A07E2F-8BAD-40BF-903D-9E13215C7890}.Debug|Any CPU.Build.0 = Debug|Any CPU
		{E6A07E2F-8BAD-40BF-903D-9E13215C7890}.Release|Any CPU.ActiveCfg = Release|Any CPU
		{E6A07E2F-8BAD-40BF-903D-9E13215C7890}.Release|Any CPU.Build.0 = Release|Any CPU
	EndGlobalSection
	GlobalSection(SolutionProperties) = preSolution
		HideSolutionNode = FALSE
	EndGlobalSection
	GlobalSection(ExtensibilityGlobals) = postSolution
		SolutionGuid = {2C3838BD-3E4B-4D21-AA2F-ADB56DEAA5E3}
	EndGlobalSection
EndGlobal
