
Microsoft Visual Studio Solution File, Format Version 12.00
# Visual Studio Version 17
VisualStudioVersion = 17.2.32516.85
MinimumVisualStudioVersion = 10.0.40219.1
Project("{FAE04EC0-301F-11D3-BF4B-00C04F79EFBC}") = "exercicioProp2", "exercicioProp2\exercicioProp2.csproj", "{FB99FE07-DEBB-4E40-948F-81D04143174F}"
EndProject
Global
	GlobalSection(SolutionConfigurationPlatforms) = preSolution
		Debug|Any CPU = Debug|Any CPU
		Release|Any CPU = Release|Any CPU
	EndGlobalSection
	GlobalSection(ProjectConfigurationPlatforms) = postSolution
		{FB99FE07-DEBB-4E40-948F-81D04143174F}.Debug|Any CPU.ActiveCfg = Debug|Any CPU
		{FB99FE07-DEBB-4E40-948F-81D04143174F}.Debug|Any CPU.Build.0 = Debug|Any CPU
		{FB99FE07-DEBB-4E40-948F-81D04143174F}.Release|Any CPU.ActiveCfg = Release|Any CPU
		{FB99FE07-DEBB-4E40-948F-81D04143174F}.Release|Any CPU.Build.0 = Release|Any CPU
	EndGlobalSection
	GlobalSection(SolutionProperties) = preSolution
		HideSolutionNode = FALSE
	EndGlobalSection
	GlobalSection(ExtensibilityGlobals) = postSolution
		SolutionGuid = {04F6C07E-03E5-4C30-8846-71D0C4FBAF9C}
	EndGlobalSection
EndGlobal
