
Microsoft Visual Studio Solution File, Format Version 12.00
# Visual Studio Version 17
VisualStudioVersion = 17.2.32526.322
MinimumVisualStudioVersion = 10.0.40219.1
Project("{FAE04EC0-301F-11D3-BF4B-00C04F79EFBC}") = "lista8_1_3", "lista8_1_3\lista8_1_3.csproj", "{9C1826B2-284D-4C7D-9B8D-EA95F2D5AD5C}"
EndProject
Global
	GlobalSection(SolutionConfigurationPlatforms) = preSolution
		Debug|Any CPU = Debug|Any CPU
		Release|Any CPU = Release|Any CPU
	EndGlobalSection
	GlobalSection(ProjectConfigurationPlatforms) = postSolution
		{9C1826B2-284D-4C7D-9B8D-EA95F2D5AD5C}.Debug|Any CPU.ActiveCfg = Debug|Any CPU
		{9C1826B2-284D-4C7D-9B8D-EA95F2D5AD5C}.Debug|Any CPU.Build.0 = Debug|Any CPU
		{9C1826B2-284D-4C7D-9B8D-EA95F2D5AD5C}.Release|Any CPU.ActiveCfg = Release|Any CPU
		{9C1826B2-284D-4C7D-9B8D-EA95F2D5AD5C}.Release|Any CPU.Build.0 = Release|Any CPU
	EndGlobalSection
	GlobalSection(SolutionProperties) = preSolution
		HideSolutionNode = FALSE
	EndGlobalSection
	GlobalSection(ExtensibilityGlobals) = postSolution
		SolutionGuid = {C0AF1BFE-8C44-4EA4-9B33-75FD2B0C3C08}
	EndGlobalSection
EndGlobal
