
Microsoft Visual Studio Solution File, Format Version 12.00
# Visual Studio Version 17
VisualStudioVersion = 17.2.32526.322
MinimumVisualStudioVersion = 10.0.40219.1
Project("{FAE04EC0-301F-11D3-BF4B-00C04F79EFBC}") = "exerc13", "exerc13\exerc13.csproj", "{D609A39C-AD7A-4917-BB2D-DF723696C201}"
EndProject
Global
	GlobalSection(SolutionConfigurationPlatforms) = preSolution
		Debug|Any CPU = Debug|Any CPU
		Release|Any CPU = Release|Any CPU
	EndGlobalSection
	GlobalSection(ProjectConfigurationPlatforms) = postSolution
		{D609A39C-AD7A-4917-BB2D-DF723696C201}.Debug|Any CPU.ActiveCfg = Debug|Any CPU
		{D609A39C-AD7A-4917-BB2D-DF723696C201}.Debug|Any CPU.Build.0 = Debug|Any CPU
		{D609A39C-AD7A-4917-BB2D-DF723696C201}.Release|Any CPU.ActiveCfg = Release|Any CPU
		{D609A39C-AD7A-4917-BB2D-DF723696C201}.Release|Any CPU.Build.0 = Release|Any CPU
	EndGlobalSection
	GlobalSection(SolutionProperties) = preSolution
		HideSolutionNode = FALSE
	EndGlobalSection
	GlobalSection(ExtensibilityGlobals) = postSolution
		SolutionGuid = {DC96D16E-C565-44FA-B896-D4EB84515D33}
	EndGlobalSection
EndGlobal
