
Microsoft Visual Studio Solution File, Format Version 12.00
# Visual Studio Version 17
VisualStudioVersion = 17.2.32526.322
MinimumVisualStudioVersion = 10.0.40219.1
Project("{FAE04EC0-301F-11D3-BF4B-00C04F79EFBC}") = "exerc29", "exerc29\exerc29.csproj", "{47B2045A-A831-4C3D-B668-3652FA664155}"
EndProject
Global
	GlobalSection(SolutionConfigurationPlatforms) = preSolution
		Debug|Any CPU = Debug|Any CPU
		Release|Any CPU = Release|Any CPU
	EndGlobalSection
	GlobalSection(ProjectConfigurationPlatforms) = postSolution
		{47B2045A-A831-4C3D-B668-3652FA664155}.Debug|Any CPU.ActiveCfg = Debug|Any CPU
		{47B2045A-A831-4C3D-B668-3652FA664155}.Debug|Any CPU.Build.0 = Debug|Any CPU
		{47B2045A-A831-4C3D-B668-3652FA664155}.Release|Any CPU.ActiveCfg = Release|Any CPU
		{47B2045A-A831-4C3D-B668-3652FA664155}.Release|Any CPU.Build.0 = Release|Any CPU
	EndGlobalSection
	GlobalSection(SolutionProperties) = preSolution
		HideSolutionNode = FALSE
	EndGlobalSection
	GlobalSection(ExtensibilityGlobals) = postSolution
		SolutionGuid = {AB3946C7-F292-417C-9B2B-12A8A90281BE}
	EndGlobalSection
EndGlobal
