
Microsoft Visual Studio Solution File, Format Version 12.00
# Visual Studio Version 17
VisualStudioVersion = 17.2.32516.85
MinimumVisualStudioVersion = 10.0.40219.1
Project("{FAE04EC0-301F-11D3-BF4B-00C04F79EFBC}") = "operadoresComparativos", "operadoresComparativos\operadoresComparativos.csproj", "{3058F580-33AF-46E8-8811-1CF575571E07}"
EndProject
Global
	GlobalSection(SolutionConfigurationPlatforms) = preSolution
		Debug|Any CPU = Debug|Any CPU
		Release|Any CPU = Release|Any CPU
	EndGlobalSection
	GlobalSection(ProjectConfigurationPlatforms) = postSolution
		{3058F580-33AF-46E8-8811-1CF575571E07}.Debug|Any CPU.ActiveCfg = Debug|Any CPU
		{3058F580-33AF-46E8-8811-1CF575571E07}.Debug|Any CPU.Build.0 = Debug|Any CPU
		{3058F580-33AF-46E8-8811-1CF575571E07}.Release|Any CPU.ActiveCfg = Release|Any CPU
		{3058F580-33AF-46E8-8811-1CF575571E07}.Release|Any CPU.Build.0 = Release|Any CPU
	EndGlobalSection
	GlobalSection(SolutionProperties) = preSolution
		HideSolutionNode = FALSE
	EndGlobalSection
	GlobalSection(ExtensibilityGlobals) = postSolution
		SolutionGuid = {26C08EC7-7A10-4821-ADA4-551528BF8B8A}
	EndGlobalSection
EndGlobal
