
Microsoft Visual Studio Solution File, Format Version 12.00
# Visual Studio Version 17
VisualStudioVersion = 17.2.32526.322
MinimumVisualStudioVersion = 10.0.40219.1
Project("{FAE04EC0-301F-11D3-BF4B-00C04F79EFBC}") = "exerc2", "exerc2\exerc2.csproj", "{B275D454-0990-4848-B981-C0A965A19AA4}"
EndProject
Global
	GlobalSection(SolutionConfigurationPlatforms) = preSolution
		Debug|Any CPU = Debug|Any CPU
		Release|Any CPU = Release|Any CPU
	EndGlobalSection
	GlobalSection(ProjectConfigurationPlatforms) = postSolution
		{B275D454-0990-4848-B981-C0A965A19AA4}.Debug|Any CPU.ActiveCfg = Debug|Any CPU
		{B275D454-0990-4848-B981-C0A965A19AA4}.Debug|Any CPU.Build.0 = Debug|Any CPU
		{B275D454-0990-4848-B981-C0A965A19AA4}.Release|Any CPU.ActiveCfg = Release|Any CPU
		{B275D454-0990-4848-B981-C0A965A19AA4}.Release|Any CPU.Build.0 = Release|Any CPU
	EndGlobalSection
	GlobalSection(SolutionProperties) = preSolution
		HideSolutionNode = FALSE
	EndGlobalSection
	GlobalSection(ExtensibilityGlobals) = postSolution
		SolutionGuid = {9EA871A1-9B14-4D58-A8E1-4B907EDE0024}
	EndGlobalSection
EndGlobal
