
Microsoft Visual Studio Solution File, Format Version 12.00
# Visual Studio Version 17
VisualStudioVersion = 17.2.32526.322
MinimumVisualStudioVersion = 10.0.40219.1
Project("{FAE04EC0-301F-11D3-BF4B-00C04F79EFBC}") = "exerc3", "exerc3\exerc3.csproj", "{39F91E94-21F5-4FE8-8433-C9CE18DC3B1E}"
EndProject
Global
	GlobalSection(SolutionConfigurationPlatforms) = preSolution
		Debug|Any CPU = Debug|Any CPU
		Release|Any CPU = Release|Any CPU
	EndGlobalSection
	GlobalSection(ProjectConfigurationPlatforms) = postSolution
		{39F91E94-21F5-4FE8-8433-C9CE18DC3B1E}.Debug|Any CPU.ActiveCfg = Debug|Any CPU
		{39F91E94-21F5-4FE8-8433-C9CE18DC3B1E}.Debug|Any CPU.Build.0 = Debug|Any CPU
		{39F91E94-21F5-4FE8-8433-C9CE18DC3B1E}.Release|Any CPU.ActiveCfg = Release|Any CPU
		{39F91E94-21F5-4FE8-8433-C9CE18DC3B1E}.Release|Any CPU.Build.0 = Release|Any CPU
	EndGlobalSection
	GlobalSection(SolutionProperties) = preSolution
		HideSolutionNode = FALSE
	EndGlobalSection
	GlobalSection(ExtensibilityGlobals) = postSolution
		SolutionGuid = {8016B20A-992A-424D-BFF3-E4DABEBD8775}
	EndGlobalSection
EndGlobal
