
Microsoft Visual Studio Solution File, Format Version 12.00
# Visual Studio Version 17
VisualStudioVersion = 17.2.32516.85
MinimumVisualStudioVersion = 10.0.40219.1
Project("{FAE04EC0-301F-11D3-BF4B-00C04F79EFBC}") = "listaExerc1_2", "listaExerc1_2\listaExerc1_2.csproj", "{9D03DF9F-FAD1-44FC-A654-E977B48EB79C}"
EndProject
Global
	GlobalSection(SolutionConfigurationPlatforms) = preSolution
		Debug|Any CPU = Debug|Any CPU
		Release|Any CPU = Release|Any CPU
	EndGlobalSection
	GlobalSection(ProjectConfigurationPlatforms) = postSolution
		{9D03DF9F-FAD1-44FC-A654-E977B48EB79C}.Debug|Any CPU.ActiveCfg = Debug|Any CPU
		{9D03DF9F-FAD1-44FC-A654-E977B48EB79C}.Debug|Any CPU.Build.0 = Debug|Any CPU
		{9D03DF9F-FAD1-44FC-A654-E977B48EB79C}.Release|Any CPU.ActiveCfg = Release|Any CPU
		{9D03DF9F-FAD1-44FC-A654-E977B48EB79C}.Release|Any CPU.Build.0 = Release|Any CPU
	EndGlobalSection
	GlobalSection(SolutionProperties) = preSolution
		HideSolutionNode = FALSE
	EndGlobalSection
	GlobalSection(ExtensibilityGlobals) = postSolution
		SolutionGuid = {A079D7AF-FF49-428A-8839-F98153ED5D18}
	EndGlobalSection
EndGlobal
