
Microsoft Visual Studio Solution File, Format Version 12.00
# Visual Studio Version 17
VisualStudioVersion = 17.2.32526.322
MinimumVisualStudioVersion = 10.0.40219.1
Project("{FAE04EC0-301F-11D3-BF4B-00C04F79EFBC}") = "lista8_1_5", "lista8_1_5\lista8_1_5.csproj", "{D2D3C0BD-791C-47B4-B6C2-6811C0A94B94}"
EndProject
Global
	GlobalSection(SolutionConfigurationPlatforms) = preSolution
		Debug|Any CPU = Debug|Any CPU
		Release|Any CPU = Release|Any CPU
	EndGlobalSection
	GlobalSection(ProjectConfigurationPlatforms) = postSolution
		{D2D3C0BD-791C-47B4-B6C2-6811C0A94B94}.Debug|Any CPU.ActiveCfg = Debug|Any CPU
		{D2D3C0BD-791C-47B4-B6C2-6811C0A94B94}.Debug|Any CPU.Build.0 = Debug|Any CPU
		{D2D3C0BD-791C-47B4-B6C2-6811C0A94B94}.Release|Any CPU.ActiveCfg = Release|Any CPU
		{D2D3C0BD-791C-47B4-B6C2-6811C0A94B94}.Release|Any CPU.Build.0 = Release|Any CPU
	EndGlobalSection
	GlobalSection(SolutionProperties) = preSolution
		HideSolutionNode = FALSE
	EndGlobalSection
	GlobalSection(ExtensibilityGlobals) = postSolution
		SolutionGuid = {B3817762-56BF-4BC0-8E1E-90AB757A45C0}
	EndGlobalSection
EndGlobal
