
Microsoft Visual Studio Solution File, Format Version 12.00
# Visual Studio Version 17
VisualStudioVersion = 17.2.32526.322
MinimumVisualStudioVersion = 10.0.40219.1
Project("{FAE04EC0-301F-11D3-BF4B-00C04F79EFBC}") = "PropriedadesDateTime", "PropriedadesDateTime\PropriedadesDateTime.csproj", "{A5014361-A2AE-4670-BBD2-DA1D396960B0}"
EndProject
Global
	GlobalSection(SolutionConfigurationPlatforms) = preSolution
		Debug|Any CPU = Debug|Any CPU
		Release|Any CPU = Release|Any CPU
	EndGlobalSection
	GlobalSection(ProjectConfigurationPlatforms) = postSolution
		{A5014361-A2AE-4670-BBD2-DA1D396960B0}.Debug|Any CPU.ActiveCfg = Debug|Any CPU
		{A5014361-A2AE-4670-BBD2-DA1D396960B0}.Debug|Any CPU.Build.0 = Debug|Any CPU
		{A5014361-A2AE-4670-BBD2-DA1D396960B0}.Release|Any CPU.ActiveCfg = Release|Any CPU
		{A5014361-A2AE-4670-BBD2-DA1D396960B0}.Release|Any CPU.Build.0 = Release|Any CPU
	EndGlobalSection
	GlobalSection(SolutionProperties) = preSolution
		HideSolutionNode = FALSE
	EndGlobalSection
	GlobalSection(ExtensibilityGlobals) = postSolution
		SolutionGuid = {17ABD7BD-B197-4EF2-8FE1-36231BBD74F3}
	EndGlobalSection
EndGlobal
