
Microsoft Visual Studio Solution File, Format Version 12.00
# Visual Studio Version 17
VisualStudioVersion = 17.2.32526.322
MinimumVisualStudioVersion = 10.0.40219.1
Project("{FAE04EC0-301F-11D3-BF4B-00C04F79EFBC}") = "exerc6", "exerc6\exerc6.csproj", "{71B58509-2A74-4789-95BA-CD6A8F236508}"
EndProject
Global
	GlobalSection(SolutionConfigurationPlatforms) = preSolution
		Debug|Any CPU = Debug|Any CPU
		Release|Any CPU = Release|Any CPU
	EndGlobalSection
	GlobalSection(ProjectConfigurationPlatforms) = postSolution
		{71B58509-2A74-4789-95BA-CD6A8F236508}.Debug|Any CPU.ActiveCfg = Debug|Any CPU
		{71B58509-2A74-4789-95BA-CD6A8F236508}.Debug|Any CPU.Build.0 = Debug|Any CPU
		{71B58509-2A74-4789-95BA-CD6A8F236508}.Release|Any CPU.ActiveCfg = Release|Any CPU
		{71B58509-2A74-4789-95BA-CD6A8F236508}.Release|Any CPU.Build.0 = Release|Any CPU
	EndGlobalSection
	GlobalSection(SolutionProperties) = preSolution
		HideSolutionNode = FALSE
	EndGlobalSection
	GlobalSection(ExtensibilityGlobals) = postSolution
		SolutionGuid = {6907DF81-88E7-4F85-B084-848B1D96C8BA}
	EndGlobalSection
EndGlobal
