
Microsoft Visual Studio Solution File, Format Version 12.00
# Visual Studio Version 17
VisualStudioVersion = 17.2.32526.322
MinimumVisualStudioVersion = 10.0.40219.1
Project("{FAE04EC0-301F-11D3-BF4B-00C04F79EFBC}") = "CondicionalTernaria", "CondicionalTernaria\CondicionalTernaria.csproj", "{283AE6EE-CCF3-4B78-8532-C00CA50C4190}"
EndProject
Global
	GlobalSection(SolutionConfigurationPlatforms) = preSolution
		Debug|Any CPU = Debug|Any CPU
		Release|Any CPU = Release|Any CPU
	EndGlobalSection
	GlobalSection(ProjectConfigurationPlatforms) = postSolution
		{283AE6EE-CCF3-4B78-8532-C00CA50C4190}.Debug|Any CPU.ActiveCfg = Debug|Any CPU
		{283AE6EE-CCF3-4B78-8532-C00CA50C4190}.Debug|Any CPU.Build.0 = Debug|Any CPU
		{283AE6EE-CCF3-4B78-8532-C00CA50C4190}.Release|Any CPU.ActiveCfg = Release|Any CPU
		{283AE6EE-CCF3-4B78-8532-C00CA50C4190}.Release|Any CPU.Build.0 = Release|Any CPU
	EndGlobalSection
	GlobalSection(SolutionProperties) = preSolution
		HideSolutionNode = FALSE
	EndGlobalSection
	GlobalSection(ExtensibilityGlobals) = postSolution
		SolutionGuid = {21710E23-5309-4973-A926-973728092A81}
	EndGlobalSection
EndGlobal
